{
  "name": "tgbtc-miniapp",
  "version": "1.0.0-v15-hobby-one-function",
  "lockfileVersion": 3,
  "requires": true,
  "packages": {
    "": {
      "name": "tgbtc-miniapp",
      "version": "1.0.0-v15-hobby-one-function",
      "dependencies": {},
      "engines": {
        "node": "20.x"
      }
    }
  }
}
